
Microsoft Visual Studio Solution File, Format Version 11.00
# Visual Studio 2010
Project("{FAE04EC0-301F-11D3-BF4B-00C04F79EFBC}") = "Assembly-CSharp", "Assembly-CSharp.csproj", "{0E5C2BCD-D0B8-7274-DE17-49C96E2806C2}"
EndProject
Project("{FAE04EC0-301F-11D3-BF4B-00C04F79EFBC}") = "Assembly-CSharp-firstpass", "Assembly-CSharp-firstpass.csproj", "{87FD2D45-704F-F4B8-13ED-7516A696CDB9}"
EndProject
Project("{FAE04EC0-301F-11D3-BF4B-00C04F79EFBC}") = "Assembly-CSharp-Editor-firstpass", "Assembly-CSharp-Editor-firstpass.csproj", "{FD9EA286-38E2-C0BE-2B0E-780C0B4EFB66}"
EndProject
Global
	GlobalSection(SolutionConfigurationPlatforms) = preSolution
		Debug|Any CPU = Debug|Any CPU
		Release|Any CPU = Release|Any CPU
	EndGlobalSection
	GlobalSection(ProjectConfigurationPlatforms) = postSolution
		{0E5C2BCD-D0B8-7274-DE17-49C96E2806C2}.Debug|Any CPU.ActiveCfg = Debug|Any CPU
		{0E5C2BCD-D0B8-7274-DE17-49C96E2806C2}.Debug|Any CPU.Build.0 = Debug|Any CPU
		{0E5C2BCD-D0B8-7274-DE17-49C96E2806C2}.Release|Any CPU.ActiveCfg = Release|Any CPU
		{0E5C2BCD-D0B8-7274-DE17-49C96E2806C2}.Release|Any CPU.Build.0 = Release|Any CPU
		{87FD2D45-704F-F4B8-13ED-7516A696CDB9}.Debug|Any CPU.ActiveCfg = Debug|Any CPU
		{87FD2D45-704F-F4B8-13ED-7516A696CDB9}.Debug|Any CPU.Build.0 = Debug|Any CPU
		{87FD2D45-704F-F4B8-13ED-7516A696CDB9}.Release|Any CPU.ActiveCfg = Release|Any CPU
		{87FD2D45-704F-F4B8-13ED-7516A696CDB9}.Release|Any CPU.Build.0 = Release|Any CPU
		{FD9EA286-38E2-C0BE-2B0E-780C0B4EFB66}.Debug|Any CPU.ActiveCfg = Debug|Any CPU
		{FD9EA286-38E2-C0BE-2B0E-780C0B4EFB66}.Debug|Any CPU.Build.0 = Debug|Any CPU
		{FD9EA286-38E2-C0BE-2B0E-780C0B4EFB66}.Release|Any CPU.ActiveCfg = Release|Any CPU
		{FD9EA286-38E2-C0BE-2B0E-780C0B4EFB66}.Release|Any CPU.Build.0 = Release|Any CPU
	EndGlobalSection
	GlobalSection(SolutionProperties) = preSolution
		HideSolutionNode = FALSE
	EndGlobalSection
	GlobalSection(MonoDevelopProperties) = preSolution
		StartupItem = Assembly-CSharp.csproj
	EndGlobalSection
EndGlobal
